
Microsoft Visual Studio Solution File, Format Version 12.00
# Visual Studio 2013
VisualStudioVersion = 12.0.20827.3
MinimumVisualStudioVersion = 10.0.40219.1
Project("{FAE04EC0-301F-11D3-BF4B-00C04F79EFBC}") = "BsBios.Portal.UI", "BsBios.Portal.UI\BsBios.Portal.UI.csproj", "{ADF235AC-A253-430D-B311-56D46157E3CF}"
EndProject
Project("{FAE04EC0-301F-11D3-BF4B-00C04F79EFBC}") = "BsBios.Portal.Domain", "BsBios.Portal.Domain\BsBios.Portal.Domain.csproj", "{2B790B52-C827-486C-B871-1392CFAD1C48}"
EndProject
Project("{FAE04EC0-301F-11D3-BF4B-00C04F79EFBC}") = "BsBios.Portal.Tests", "BsBios.Portal.Tests\BsBios.Portal.Tests.csproj", "{1157FF52-F7A5-4F90-8560-3159EF29AFDF}"
EndProject
Project("{FAE04EC0-301F-11D3-BF4B-00C04F79EFBC}") = "BsBios.Portal.ViewModel", "BsBios.Portal.ViewModel\BsBios.Portal.ViewModel.csproj", "{01C438CD-9055-4299-9F5C-A4086EE1CC00}"
EndProject
Project("{FAE04EC0-301F-11D3-BF4B-00C04F79EFBC}") = "BsBios.Portal.Infra", "BsBios.Portal.Infra\BsBios.Portal.Infra.csproj", "{77402211-516B-4CF9-A328-420B5A8854A7}"
EndProject
Project("{FAE04EC0-301F-11D3-BF4B-00C04F79EFBC}") = "BsBios.Portal.IoC", "BsBios.Portal.IoC\BsBios.Portal.IoC.csproj", "{88D87599-D462-4902-8D0B-6348AB8CC620}"
EndProject
Project("{FAE04EC0-301F-11D3-BF4B-00C04F79EFBC}") = "BsBios.Portal.Common", "BsBios.Portal.Common\BsBios.Portal.Common.csproj", "{52496AC5-D00F-4AE4-84B9-06AD65DADB47}"
EndProject
Project("{FAE04EC0-301F-11D3-BF4B-00C04F79EFBC}") = "BsBios.Portal.Application", "BsBios.Portal.Application\BsBios.Portal.Application.csproj", "{A2DA2E00-3386-4EC4-8D95-D98C5052F636}"
EndProject
Project("{FAE04EC0-301F-11D3-BF4B-00C04F79EFBC}") = "BsBios.Portal.TestsComBancoDeDados", "BsBios.Portal.TestsComBancoDeDados\BsBios.Portal.TestsComBancoDeDados.csproj", "{3A8C616D-62F6-4561-B282-529F3BB54B86}"
EndProject
Project("{FAE04EC0-301F-11D3-BF4B-00C04F79EFBC}") = "BsBios.Portal.Tests.DataProvider", "BsBios.Portal.Tests.DataProvider\BsBios.Portal.Tests.DataProvider.csproj", "{2566A7D2-FDF6-4112-83B6-633ABE7502EE}"
EndProject
Global
	GlobalSection(SolutionConfigurationPlatforms) = preSolution
		Debug|Any CPU = Debug|Any CPU
		Release|Any CPU = Release|Any CPU
	EndGlobalSection
	GlobalSection(ProjectConfigurationPlatforms) = postSolution
		{ADF235AC-A253-430D-B311-56D46157E3CF}.Debug|Any CPU.ActiveCfg = Debug|Any CPU
		{ADF235AC-A253-430D-B311-56D46157E3CF}.Debug|Any CPU.Build.0 = Debug|Any CPU
		{ADF235AC-A253-430D-B311-56D46157E3CF}.Release|Any CPU.ActiveCfg = Release|Any CPU
		{ADF235AC-A253-430D-B311-56D46157E3CF}.Release|Any CPU.Build.0 = Release|Any CPU
		{2B790B52-C827-486C-B871-1392CFAD1C48}.Debug|Any CPU.ActiveCfg = Debug|Any CPU
		{2B790B52-C827-486C-B871-1392CFAD1C48}.Debug|Any CPU.Build.0 = Debug|Any CPU
		{2B790B52-C827-486C-B871-1392CFAD1C48}.Release|Any CPU.ActiveCfg = Release|Any CPU
		{2B790B52-C827-486C-B871-1392CFAD1C48}.Release|Any CPU.Build.0 = Release|Any CPU
		{1157FF52-F7A5-4F90-8560-3159EF29AFDF}.Debug|Any CPU.ActiveCfg = Debug|Any CPU
		{1157FF52-F7A5-4F90-8560-3159EF29AFDF}.Debug|Any CPU.Build.0 = Debug|Any CPU
		{1157FF52-F7A5-4F90-8560-3159EF29AFDF}.Release|Any CPU.ActiveCfg = Release|Any CPU
		{1157FF52-F7A5-4F90-8560-3159EF29AFDF}.Release|Any CPU.Build.0 = Release|Any CPU
		{01C438CD-9055-4299-9F5C-A4086EE1CC00}.Debug|Any CPU.ActiveCfg = Debug|Any CPU
		{01C438CD-9055-4299-9F5C-A4086EE1CC00}.Debug|Any CPU.Build.0 = Debug|Any CPU
		{01C438CD-9055-4299-9F5C-A4086EE1CC00}.Release|Any CPU.ActiveCfg = Release|Any CPU
		{01C438CD-9055-4299-9F5C-A4086EE1CC00}.Release|Any CPU.Build.0 = Release|Any CPU
		{77402211-516B-4CF9-A328-420B5A8854A7}.Debug|Any CPU.ActiveCfg = Debug|Any CPU
		{77402211-516B-4CF9-A328-420B5A8854A7}.Debug|Any CPU.Build.0 = Debug|Any CPU
		{77402211-516B-4CF9-A328-420B5A8854A7}.Release|Any CPU.ActiveCfg = Release|Any CPU
		{77402211-516B-4CF9-A328-420B5A8854A7}.Release|Any CPU.Build.0 = Release|Any CPU
		{88D87599-D462-4902-8D0B-6348AB8CC620}.Debug|Any CPU.ActiveCfg = Debug|Any CPU
		{88D87599-D462-4902-8D0B-6348AB8CC620}.Debug|Any CPU.Build.0 = Debug|Any CPU
		{88D87599-D462-4902-8D0B-6348AB8CC620}.Release|Any CPU.ActiveCfg = Release|Any CPU
		{88D87599-D462-4902-8D0B-6348AB8CC620}.Release|Any CPU.Build.0 = Release|Any CPU
		{52496AC5-D00F-4AE4-84B9-06AD65DADB47}.Debug|Any CPU.ActiveCfg = Debug|Any CPU
		{52496AC5-D00F-4AE4-84B9-06AD65DADB47}.Debug|Any CPU.Build.0 = Debug|Any CPU
		{52496AC5-D00F-4AE4-84B9-06AD65DADB47}.Release|Any CPU.ActiveCfg = Release|Any CPU
		{52496AC5-D00F-4AE4-84B9-06AD65DADB47}.Release|Any CPU.Build.0 = Release|Any CPU
		{A2DA2E00-3386-4EC4-8D95-D98C5052F636}.Debug|Any CPU.ActiveCfg = Debug|Any CPU
		{A2DA2E00-3386-4EC4-8D95-D98C5052F636}.Debug|Any CPU.Build.0 = Debug|Any CPU
		{A2DA2E00-3386-4EC4-8D95-D98C5052F636}.Release|Any CPU.ActiveCfg = Release|Any CPU
		{A2DA2E00-3386-4EC4-8D95-D98C5052F636}.Release|Any CPU.Build.0 = Release|Any CPU
		{3A8C616D-62F6-4561-B282-529F3BB54B86}.Debug|Any CPU.ActiveCfg = Debug|Any CPU
		{3A8C616D-62F6-4561-B282-529F3BB54B86}.Debug|Any CPU.Build.0 = Debug|Any CPU
		{3A8C616D-62F6-4561-B282-529F3BB54B86}.Release|Any CPU.ActiveCfg = Release|Any CPU
		{3A8C616D-62F6-4561-B282-529F3BB54B86}.Release|Any CPU.Build.0 = Release|Any CPU
		{2566A7D2-FDF6-4112-83B6-633ABE7502EE}.Debug|Any CPU.ActiveCfg = Debug|Any CPU
		{2566A7D2-FDF6-4112-83B6-633ABE7502EE}.Debug|Any CPU.Build.0 = Debug|Any CPU
		{2566A7D2-FDF6-4112-83B6-633ABE7502EE}.Release|Any CPU.ActiveCfg = Release|Any CPU
		{2566A7D2-FDF6-4112-83B6-633ABE7502EE}.Release|Any CPU.Build.0 = Release|Any CPU
	EndGlobalSection
	GlobalSection(SolutionProperties) = preSolution
		HideSolutionNode = FALSE
	EndGlobalSection
EndGlobal
